
Microsoft Visual Studio Solution File, Format Version 12.00
# Visual Studio Version 17
VisualStudioVersion = 17.6.33829.357
MinimumVisualStudioVersion = 10.0.40219.1
Project("{FAE04EC0-301F-11D3-BF4B-00C04F79EFBC}") = "WpfApp1", "WpfApp1\WpfApp1.csproj", "{4014E48E-04D1-4506-A354-1F95338ABAD1}"
EndProject
Global
	GlobalSection(SolutionConfigurationPlatforms) = preSolution
		Debug|Any CPU = Debug|Any CPU
		Release|Any CPU = Release|Any CPU
	EndGlobalSection
	GlobalSection(ProjectConfigurationPlatforms) = postSolution
		{4014E48E-04D1-4506-A354-1F95338ABAD1}.Debug|Any CPU.ActiveCfg = Debug|Any CPU
		{4014E48E-04D1-4506-A354-1F95338ABAD1}.Debug|Any CPU.Build.0 = Debug|Any CPU
		{4014E48E-04D1-4506-A354-1F95338ABAD1}.Release|Any CPU.ActiveCfg = Release|Any CPU
		{4014E48E-04D1-4506-A354-1F95338ABAD1}.Release|Any CPU.Build.0 = Release|Any CPU
	EndGlobalSection
	GlobalSection(SolutionProperties) = preSolution
		HideSolutionNode = FALSE
	EndGlobalSection
	GlobalSection(ExtensibilityGlobals) = postSolution
		SolutionGuid = {44F55B33-B45F-422A-96FD-73525B3FD6F7}
	EndGlobalSection
EndGlobal
